
Microsoft Visual Studio Solution File, Format Version 12.00
# Visual Studio Version 17
VisualStudioVersion = 17.11.35208.52
MinimumVisualStudioVersion = 10.0.40219.1
Project("{9A19103F-16F7-4668-BE54-9A1E7A4F7556}") = "BE_GO!Study", "BE_GO!Study\BE_GO!Study.csproj", "{2740E7CB-84A5-41A7-B2F5-77AC1B26D321}"
EndProject
Project("{9A19103F-16F7-4668-BE54-9A1E7A4F7556}") = "DataAccess", "DataAccess\DataAccess.csproj", "{C3CC7C96-07A7-4F99-AE7D-C2CFDDC69920}"
EndProject
Project("{9A19103F-16F7-4668-BE54-9A1E7A4F7556}") = "GOStudy_Logic", "GO!Study_Logic\GOStudy_Logic.csproj", "{D7024BDB-122D-4B6F-9A5B-4B88D561DB24}"
EndProject
Global
	GlobalSection(SolutionConfigurationPlatforms) = preSolution
		Debug|Any CPU = Debug|Any CPU
		Release|Any CPU = Release|Any CPU
	EndGlobalSection
	GlobalSection(ProjectConfigurationPlatforms) = postSolution
		{2740E7CB-84A5-41A7-B2F5-77AC1B26D321}.Debug|Any CPU.ActiveCfg = Debug|Any CPU
		{2740E7CB-84A5-41A7-B2F5-77AC1B26D321}.Debug|Any CPU.Build.0 = Debug|Any CPU
		{2740E7CB-84A5-41A7-B2F5-77AC1B26D321}.Release|Any CPU.ActiveCfg = Release|Any CPU
		{2740E7CB-84A5-41A7-B2F5-77AC1B26D321}.Release|Any CPU.Build.0 = Release|Any CPU
		{C3CC7C96-07A7-4F99-AE7D-C2CFDDC69920}.Debug|Any CPU.ActiveCfg = Debug|Any CPU
		{C3CC7C96-07A7-4F99-AE7D-C2CFDDC69920}.Debug|Any CPU.Build.0 = Debug|Any CPU
		{C3CC7C96-07A7-4F99-AE7D-C2CFDDC69920}.Release|Any CPU.ActiveCfg = Release|Any CPU
		{C3CC7C96-07A7-4F99-AE7D-C2CFDDC69920}.Release|Any CPU.Build.0 = Release|Any CPU
		{D7024BDB-122D-4B6F-9A5B-4B88D561DB24}.Debug|Any CPU.ActiveCfg = Debug|Any CPU
		{D7024BDB-122D-4B6F-9A5B-4B88D561DB24}.Debug|Any CPU.Build.0 = Debug|Any CPU
		{D7024BDB-122D-4B6F-9A5B-4B88D561DB24}.Release|Any CPU.ActiveCfg = Release|Any CPU
		{D7024BDB-122D-4B6F-9A5B-4B88D561DB24}.Release|Any CPU.Build.0 = Release|Any CPU
	EndGlobalSection
	GlobalSection(SolutionProperties) = preSolution
		HideSolutionNode = FALSE
	EndGlobalSection
	GlobalSection(ExtensibilityGlobals) = postSolution
		SolutionGuid = {58AB7C91-F663-4E80-98A1-19DBE0574FCA}
	EndGlobalSection
EndGlobal
